
Microsoft Visual Studio Solution File, Format Version 12.00
# Visual Studio Version 17
VisualStudioVersion = 17.6.33829.357
MinimumVisualStudioVersion = 10.0.40219.1
Project("{8BC9CEB8-8B4A-11D0-8D11-00A0C91BC942}") = "Audio", "Source\Engine\Audio\Audio.vcxproj", "{FC8AC951-7BB7-4DC3-BFDF-AEEA3EED9BE9}"
EndProject
Project("{2150E333-8FDC-42A3-9474-1A3956D46DE8}") = "Engine", "Engine", "{9EE556EE-B3A5-4BA5-BC36-6DC7C79B5904}"
EndProject
Project("{8BC9CEB8-8B4A-11D0-8D11-00A0C91BC942}") = "Core", "Source\Engine\Core\Core.vcxproj", "{2E09A753-3084-4C98-A6B2-EAB18911A2F7}"
EndProject
Project("{8BC9CEB8-8B4A-11D0-8D11-00A0C91BC942}") = "Framework", "Source\Engine\Framework\Framework.vcxproj", "{4428CF66-DBDA-487F-A7CA-450A8DF9522B}"
EndProject
Project("{8BC9CEB8-8B4A-11D0-8D11-00A0C91BC942}") = "Input", "Source\Engine\Input\Input.vcxproj", "{A10C7A80-E6DC-4A36-8A25-EBF8ED160E92}"
EndProject
Project("{8BC9CEB8-8B4A-11D0-8D11-00A0C91BC942}") = "Renderer", "Source\Engine\Renderer\Renderer.vcxproj", "{CE920486-2F3F-4696-9435-4A1A16E8A7CB}"
EndProject
Project("{2150E333-8FDC-42A3-9474-1A3956D46DE8}") = "Game", "Game", "{3A6EFDC8-F96F-41C7-B082-194291F90615}"
EndProject
Project("{8BC9CEB8-8B4A-11D0-8D11-00A0C91BC942}") = "Game", "Source\Game\Game\Game.vcxproj", "{263A328F-E0A4-428A-BB57-8EFDE6EE00B0}"
EndProject
Project("{8BC9CEB8-8B4A-11D0-8D11-00A0C91BC942}") = "Physics", "Source\Engine\Physics\Physics.vcxproj", "{E3502200-590C-43C5-862C-0831B2C2BAC4}"
EndProject
Global
	GlobalSection(SolutionConfigurationPlatforms) = preSolution
		Debug|x64 = Debug|x64
		Debug|x86 = Debug|x86
		Release|x64 = Release|x64
		Release|x86 = Release|x86
	EndGlobalSection
	GlobalSection(ProjectConfigurationPlatforms) = postSolution
		{FC8AC951-7BB7-4DC3-BFDF-AEEA3EED9BE9}.Debug|x64.ActiveCfg = Debug|x64
		{FC8AC951-7BB7-4DC3-BFDF-AEEA3EED9BE9}.Debug|x64.Build.0 = Debug|x64
		{FC8AC951-7BB7-4DC3-BFDF-AEEA3EED9BE9}.Debug|x86.ActiveCfg = Debug|Win32
		{FC8AC951-7BB7-4DC3-BFDF-AEEA3EED9BE9}.Debug|x86.Build.0 = Debug|Win32
		{FC8AC951-7BB7-4DC3-BFDF-AEEA3EED9BE9}.Release|x64.ActiveCfg = Release|x64
		{FC8AC951-7BB7-4DC3-BFDF-AEEA3EED9BE9}.Release|x64.Build.0 = Release|x64
		{FC8AC951-7BB7-4DC3-BFDF-AEEA3EED9BE9}.Release|x86.ActiveCfg = Release|Win32
		{FC8AC951-7BB7-4DC3-BFDF-AEEA3EED9BE9}.Release|x86.Build.0 = Release|Win32
		{2E09A753-3084-4C98-A6B2-EAB18911A2F7}.Debug|x64.ActiveCfg = Debug|x64
		{2E09A753-3084-4C98-A6B2-EAB18911A2F7}.Debug|x64.Build.0 = Debug|x64
		{2E09A753-3084-4C98-A6B2-EAB18911A2F7}.Debug|x86.ActiveCfg = Debug|Win32
		{2E09A753-3084-4C98-A6B2-EAB18911A2F7}.Debug|x86.Build.0 = Debug|Win32
		{2E09A753-3084-4C98-A6B2-EAB18911A2F7}.Release|x64.ActiveCfg = Release|x64
		{2E09A753-3084-4C98-A6B2-EAB18911A2F7}.Release|x64.Build.0 = Release|x64
		{2E09A753-3084-4C98-A6B2-EAB18911A2F7}.Release|x86.ActiveCfg = Release|Win32
		{2E09A753-3084-4C98-A6B2-EAB18911A2F7}.Release|x86.Build.0 = Release|Win32
		{4428CF66-DBDA-487F-A7CA-450A8DF9522B}.Debug|x64.ActiveCfg = Debug|x64
		{4428CF66-DBDA-487F-A7CA-450A8DF9522B}.Debug|x64.Build.0 = Debug|x64
		{4428CF66-DBDA-487F-A7CA-450A8DF9522B}.Debug|x86.ActiveCfg = Debug|Win32
		{4428CF66-DBDA-487F-A7CA-450A8DF9522B}.Debug|x86.Build.0 = Debug|Win32
		{4428CF66-DBDA-487F-A7CA-450A8DF9522B}.Release|x64.ActiveCfg = Release|x64
		{4428CF66-DBDA-487F-A7CA-450A8DF9522B}.Release|x64.Build.0 = Release|x64
		{4428CF66-DBDA-487F-A7CA-450A8DF9522B}.Release|x86.ActiveCfg = Release|Win32
		{4428CF66-DBDA-487F-A7CA-450A8DF9522B}.Release|x86.Build.0 = Release|Win32
		{A10C7A80-E6DC-4A36-8A25-EBF8ED160E92}.Debug|x64.ActiveCfg = Debug|x64
		{A10C7A80-E6DC-4A36-8A25-EBF8ED160E92}.Debug|x64.Build.0 = Debug|x64
		{A10C7A80-E6DC-4A36-8A25-EBF8ED160E92}.Debug|x86.ActiveCfg = Debug|Win32
		{A10C7A80-E6DC-4A36-8A25-EBF8ED160E92}.Debug|x86.Build.0 = Debug|Win32
		{A10C7A80-E6DC-4A36-8A25-EBF8ED160E92}.Release|x64.ActiveCfg = Release|x64
		{A10C7A80-E6DC-4A36-8A25-EBF8ED160E92}.Release|x64.Build.0 = Release|x64
		{A10C7A80-E6DC-4A36-8A25-EBF8ED160E92}.Release|x86.ActiveCfg = Release|Win32
		{A10C7A80-E6DC-4A36-8A25-EBF8ED160E92}.Release|x86.Build.0 = Release|Win32
		{CE920486-2F3F-4696-9435-4A1A16E8A7CB}.Debug|x64.ActiveCfg = Debug|x64
		{CE920486-2F3F-4696-9435-4A1A16E8A7CB}.Debug|x64.Build.0 = Debug|x64
		{CE920486-2F3F-4696-9435-4A1A16E8A7CB}.Debug|x86.ActiveCfg = Debug|Win32
		{CE920486-2F3F-4696-9435-4A1A16E8A7CB}.Debug|x86.Build.0 = Debug|Win32
		{CE920486-2F3F-4696-9435-4A1A16E8A7CB}.Release|x64.ActiveCfg = Release|x64
		{CE920486-2F3F-4696-9435-4A1A16E8A7CB}.Release|x64.Build.0 = Release|x64
		{CE920486-2F3F-4696-9435-4A1A16E8A7CB}.Release|x86.ActiveCfg = Release|Win32
		{CE920486-2F3F-4696-9435-4A1A16E8A7CB}.Release|x86.Build.0 = Release|Win32
		{263A328F-E0A4-428A-BB57-8EFDE6EE00B0}.Debug|x64.ActiveCfg = Debug|x64
		{263A328F-E0A4-428A-BB57-8EFDE6EE00B0}.Debug|x64.Build.0 = Debug|x64
		{263A328F-E0A4-428A-BB57-8EFDE6EE00B0}.Debug|x86.ActiveCfg = Debug|Win32
		{263A328F-E0A4-428A-BB57-8EFDE6EE00B0}.Debug|x86.Build.0 = Debug|Win32
		{263A328F-E0A4-428A-BB57-8EFDE6EE00B0}.Release|x64.ActiveCfg = Release|x64
		{263A328F-E0A4-428A-BB57-8EFDE6EE00B0}.Release|x64.Build.0 = Release|x64
		{263A328F-E0A4-428A-BB57-8EFDE6EE00B0}.Release|x86.ActiveCfg = Release|Win32
		{263A328F-E0A4-428A-BB57-8EFDE6EE00B0}.Release|x86.Build.0 = Release|Win32
		{E3502200-590C-43C5-862C-0831B2C2BAC4}.Debug|x64.ActiveCfg = Debug|x64
		{E3502200-590C-43C5-862C-0831B2C2BAC4}.Debug|x64.Build.0 = Debug|x64
		{E3502200-590C-43C5-862C-0831B2C2BAC4}.Debug|x86.ActiveCfg = Debug|Win32
		{E3502200-590C-43C5-862C-0831B2C2BAC4}.Debug|x86.Build.0 = Debug|Win32
		{E3502200-590C-43C5-862C-0831B2C2BAC4}.Release|x64.ActiveCfg = Release|x64
		{E3502200-590C-43C5-862C-0831B2C2BAC4}.Release|x64.Build.0 = Release|x64
		{E3502200-590C-43C5-862C-0831B2C2BAC4}.Release|x86.ActiveCfg = Release|Win32
		{E3502200-590C-43C5-862C-0831B2C2BAC4}.Release|x86.Build.0 = Release|Win32
	EndGlobalSection
	GlobalSection(SolutionProperties) = preSolution
		HideSolutionNode = FALSE
	EndGlobalSection
	GlobalSection(NestedProjects) = preSolution
		{FC8AC951-7BB7-4DC3-BFDF-AEEA3EED9BE9} = {9EE556EE-B3A5-4BA5-BC36-6DC7C79B5904}
		{2E09A753-3084-4C98-A6B2-EAB18911A2F7} = {9EE556EE-B3A5-4BA5-BC36-6DC7C79B5904}
		{4428CF66-DBDA-487F-A7CA-450A8DF9522B} = {9EE556EE-B3A5-4BA5-BC36-6DC7C79B5904}
		{A10C7A80-E6DC-4A36-8A25-EBF8ED160E92} = {9EE556EE-B3A5-4BA5-BC36-6DC7C79B5904}
		{CE920486-2F3F-4696-9435-4A1A16E8A7CB} = {9EE556EE-B3A5-4BA5-BC36-6DC7C79B5904}
		{263A328F-E0A4-428A-BB57-8EFDE6EE00B0} = {3A6EFDC8-F96F-41C7-B082-194291F90615}
		{E3502200-590C-43C5-862C-0831B2C2BAC4} = {9EE556EE-B3A5-4BA5-BC36-6DC7C79B5904}
	EndGlobalSection
	GlobalSection(ExtensibilityGlobals) = postSolution
		SolutionGuid = {AA00F8C5-F291-4E90-97FF-24EEA3AC2B79}
	EndGlobalSection
EndGlobal
